# This file is generated by running "yarn install" inside your project.
# Manual changes might be lost - proceed with caution!

__metadata:
  version: 5
  cacheKey: 8

"react-query-helper@workspace:.":
  version: 0.0.0-use.local
  resolution: "react-query-helper@workspace:."
  dependencies:
    typescript: ^4.5.2
  languageName: unknown
  linkType: soft

"typescript@npm:^4.5.2":
  version: 4.5.2
  resolution: "typescript@npm:4.5.2"
  bin:
    tsc: bin/tsc
    tsserver: bin/tsserver
  checksum: 74f9ce65d532bdf5d0214b3f60cf37992180023388c87a11ee6f838a803067ef0b63c600fa501b0deb07f989257dce1e244c9635ed79feca40bbccf6e0aa1ebc
  languageName: node
  linkType: hard

"typescript@patch:typescript@^4.5.2#~builtin<compat/typescript>":
  version: 4.5.2
  resolution: "typescript@patch:typescript@npm%3A4.5.2#~builtin<compat/typescript>::version=4.5.2&hash=ddd1e8"
  bin:
    tsc: bin/tsc
    tsserver: bin/tsserver
  checksum: 24a439e062a05e3285a4f0e8a40644116ecdca89f3e908bed01e5a01b9aee747e3bcf0e85fe9e017e5ebf0c0863437c39479f2616f55a244c2d82d37022cdc4f
  languageName: node
  linkType: hard
